
Microsoft Visual Studio Solution File, Format Version 12.00
# Visual Studio 15
VisualStudioVersion = 15.0.28010.2036
MinimumVisualStudioVersion = 10.0.40219.1
Project("{FAE04EC0-301F-11D3-BF4B-00C04F79EFBC}") = "Books", "Books\Books.csproj", "{5694C389-2BAA-44C2-BAC4-17309873F5FE}"
EndProject
Project("{FAE04EC0-301F-11D3-BF4B-00C04F79EFBC}") = "BooksTest", "BooksTest\BooksTest.csproj", "{05975047-980E-4720-88DA-44524C17E6A9}"
EndProject
Global
	GlobalSection(SolutionConfigurationPlatforms) = preSolution
		Debug|Any CPU = Debug|Any CPU
		Release|Any CPU = Release|Any CPU
	EndGlobalSection
	GlobalSection(ProjectConfigurationPlatforms) = postSolution
		{5694C389-2BAA-44C2-BAC4-17309873F5FE}.Debug|Any CPU.ActiveCfg = Debug|Any CPU
		{5694C389-2BAA-44C2-BAC4-17309873F5FE}.Debug|Any CPU.Build.0 = Debug|Any CPU
		{5694C389-2BAA-44C2-BAC4-17309873F5FE}.Release|Any CPU.ActiveCfg = Release|Any CPU
		{5694C389-2BAA-44C2-BAC4-17309873F5FE}.Release|Any CPU.Build.0 = Release|Any CPU
		{05975047-980E-4720-88DA-44524C17E6A9}.Debug|Any CPU.ActiveCfg = Debug|Any CPU
		{05975047-980E-4720-88DA-44524C17E6A9}.Debug|Any CPU.Build.0 = Debug|Any CPU
		{05975047-980E-4720-88DA-44524C17E6A9}.Release|Any CPU.ActiveCfg = Release|Any CPU
		{05975047-980E-4720-88DA-44524C17E6A9}.Release|Any CPU.Build.0 = Release|Any CPU
	EndGlobalSection
	GlobalSection(SolutionProperties) = preSolution
		HideSolutionNode = FALSE
	EndGlobalSection
	GlobalSection(ExtensibilityGlobals) = postSolution
		SolutionGuid = {93AA2FD8-A23F-433F-B5CE-93586D75D40C}
	EndGlobalSection
EndGlobal
